
Microsoft Visual Studio Solution File, Format Version 12.00
# Visual Studio 14
VisualStudioVersion = 14.0.25420.1
MinimumVisualStudioVersion = 10.0.40219.1
Project("{FAE04EC0-301F-11D3-BF4B-00C04F79EFBC}") = "MyNutrition.DataModels", "MyNutrition.DataModels\MyNutrition.DataModels.csproj", "{9EDE9FD5-3DFA-46CB-8373-26A70A4A0ACE}"
EndProject
Project("{FAE04EC0-301F-11D3-BF4B-00C04F79EFBC}") = "MyNutrition.Run", "MyNutrition.Run\MyNutrition.Run.csproj", "{24F8F22D-02AE-432A-B0BB-68BF61C5875B}"
EndProject
Project("{FAE04EC0-301F-11D3-BF4B-00C04F79EFBC}") = "MyNutrition", "MyNutrition\MyNutrition.csproj", "{A37768CA-2229-468E-A6A5-CBE2B1B48045}"
EndProject
Global
	GlobalSection(SolutionConfigurationPlatforms) = preSolution
		Debug|Any CPU = Debug|Any CPU
		Release|Any CPU = Release|Any CPU
	EndGlobalSection
	GlobalSection(ProjectConfigurationPlatforms) = postSolution
		{9EDE9FD5-3DFA-46CB-8373-26A70A4A0ACE}.Debug|Any CPU.ActiveCfg = Debug|Any CPU
		{9EDE9FD5-3DFA-46CB-8373-26A70A4A0ACE}.Debug|Any CPU.Build.0 = Debug|Any CPU
		{9EDE9FD5-3DFA-46CB-8373-26A70A4A0ACE}.Release|Any CPU.ActiveCfg = Release|Any CPU
		{9EDE9FD5-3DFA-46CB-8373-26A70A4A0ACE}.Release|Any CPU.Build.0 = Release|Any CPU
		{24F8F22D-02AE-432A-B0BB-68BF61C5875B}.Debug|Any CPU.ActiveCfg = Debug|Any CPU
		{24F8F22D-02AE-432A-B0BB-68BF61C5875B}.Debug|Any CPU.Build.0 = Debug|Any CPU
		{24F8F22D-02AE-432A-B0BB-68BF61C5875B}.Release|Any CPU.ActiveCfg = Release|Any CPU
		{24F8F22D-02AE-432A-B0BB-68BF61C5875B}.Release|Any CPU.Build.0 = Release|Any CPU
		{A37768CA-2229-468E-A6A5-CBE2B1B48045}.Debug|Any CPU.ActiveCfg = Debug|Any CPU
		{A37768CA-2229-468E-A6A5-CBE2B1B48045}.Debug|Any CPU.Build.0 = Debug|Any CPU
		{A37768CA-2229-468E-A6A5-CBE2B1B48045}.Release|Any CPU.ActiveCfg = Release|Any CPU
		{A37768CA-2229-468E-A6A5-CBE2B1B48045}.Release|Any CPU.Build.0 = Release|Any CPU
	EndGlobalSection
	GlobalSection(SolutionProperties) = preSolution
		HideSolutionNode = FALSE
	EndGlobalSection
EndGlobal
